
Microsoft Visual Studio Solution File, Format Version 12.00
# Visual Studio Version 17
VisualStudioVersion = 17.7.34009.444
MinimumVisualStudioVersion = 10.0.40219.1
Project("{FAE04EC0-301F-11D3-BF4B-00C04F79EFBC}") = "JobApplicationSystem", "JobApplicationSystem.csproj", "{3B5F51D1-EB1A-44EC-A304-C66B8A59418F}"
EndProject
Project("{FAE04EC0-301F-11D3-BF4B-00C04F79EFBC}") = "JobApplicationSystem.BAL", "..\JobApplicationSystem.BAL\JobApplicationSystem.BAL.csproj", "{624B821A-30FC-4FEC-9955-7F32E19C355C}"
EndProject
Project("{FAE04EC0-301F-11D3-BF4B-00C04F79EFBC}") = "JobApplicationSystem.DAL", "..\JobApplicationSystem.DAL\JobApplicationSystem.DAL.csproj", "{AAA0AF97-9D55-462E-921D-FE600DE6E281}"
EndProject
Global
	GlobalSection(SolutionConfigurationPlatforms) = preSolution
		Debug|Any CPU = Debug|Any CPU
		Release|Any CPU = Release|Any CPU
	EndGlobalSection
	GlobalSection(ProjectConfigurationPlatforms) = postSolution
		{3B5F51D1-EB1A-44EC-A304-C66B8A59418F}.Debug|Any CPU.ActiveCfg = Debug|Any CPU
		{3B5F51D1-EB1A-44EC-A304-C66B8A59418F}.Debug|Any CPU.Build.0 = Debug|Any CPU
		{3B5F51D1-EB1A-44EC-A304-C66B8A59418F}.Release|Any CPU.ActiveCfg = Release|Any CPU
		{3B5F51D1-EB1A-44EC-A304-C66B8A59418F}.Release|Any CPU.Build.0 = Release|Any CPU
		{624B821A-30FC-4FEC-9955-7F32E19C355C}.Debug|Any CPU.ActiveCfg = Debug|Any CPU
		{624B821A-30FC-4FEC-9955-7F32E19C355C}.Debug|Any CPU.Build.0 = Debug|Any CPU
		{624B821A-30FC-4FEC-9955-7F32E19C355C}.Release|Any CPU.ActiveCfg = Release|Any CPU
		{624B821A-30FC-4FEC-9955-7F32E19C355C}.Release|Any CPU.Build.0 = Release|Any CPU
		{AAA0AF97-9D55-462E-921D-FE600DE6E281}.Debug|Any CPU.ActiveCfg = Debug|Any CPU
		{AAA0AF97-9D55-462E-921D-FE600DE6E281}.Debug|Any CPU.Build.0 = Debug|Any CPU
		{AAA0AF97-9D55-462E-921D-FE600DE6E281}.Release|Any CPU.ActiveCfg = Release|Any CPU
		{AAA0AF97-9D55-462E-921D-FE600DE6E281}.Release|Any CPU.Build.0 = Release|Any CPU
	EndGlobalSection
	GlobalSection(SolutionProperties) = preSolution
		HideSolutionNode = FALSE
	EndGlobalSection
	GlobalSection(ExtensibilityGlobals) = postSolution
		SolutionGuid = {F8AE66A0-2C78-4B6C-B1D8-87DECE185905}
	EndGlobalSection
EndGlobal
